
Microsoft Visual Studio Solution File, Format Version 12.00
# Visual Studio 2012
Project("{8BC9CEB8-8B4A-11D0-8D11-00A0C91BC942}") = "Q-14-06", "Q-14-06.vcxproj", "{20484FA6-8212-467F-8972-2F4D01971968}"
EndProject
Global
	GlobalSection(SolutionConfigurationPlatforms) = preSolution
		Debug|Win32 = Debug|Win32
		Release|Win32 = Release|Win32
	EndGlobalSection
	GlobalSection(ProjectConfigurationPlatforms) = postSolution
		{20484FA6-8212-467F-8972-2F4D01971968}.Debug|Win32.ActiveCfg = Debug|Win32
		{20484FA6-8212-467F-8972-2F4D01971968}.Debug|Win32.Build.0 = Debug|Win32
		{20484FA6-8212-467F-8972-2F4D01971968}.Release|Win32.ActiveCfg = Release|Win32
		{20484FA6-8212-467F-8972-2F4D01971968}.Release|Win32.Build.0 = Release|Win32
	EndGlobalSection
	GlobalSection(SolutionProperties) = preSolution
		HideSolutionNode = FALSE
	EndGlobalSection
EndGlobal
