
Microsoft Visual Studio Solution File, Format Version 12.00
# Visual Studio 2012
Project("{8BC9CEB8-8B4A-11D0-8D11-00A0C91BC942}") = "Q-04-09", "Q-04-09.vcxproj", "{97C910B1-2386-476D-8274-31093D7F8C67}"
EndProject
Global
	GlobalSection(SolutionConfigurationPlatforms) = preSolution
		Debug|Win32 = Debug|Win32
		Release|Win32 = Release|Win32
	EndGlobalSection
	GlobalSection(ProjectConfigurationPlatforms) = postSolution
		{97C910B1-2386-476D-8274-31093D7F8C67}.Debug|Win32.ActiveCfg = Debug|Win32
		{97C910B1-2386-476D-8274-31093D7F8C67}.Debug|Win32.Build.0 = Debug|Win32
		{97C910B1-2386-476D-8274-31093D7F8C67}.Release|Win32.ActiveCfg = Release|Win32
		{97C910B1-2386-476D-8274-31093D7F8C67}.Release|Win32.Build.0 = Release|Win32
	EndGlobalSection
	GlobalSection(SolutionProperties) = preSolution
		HideSolutionNode = FALSE
	EndGlobalSection
EndGlobal
